# THIS IS AN AUTOGENERATED FILE. DO NOT EDIT THIS FILE DIRECTLY.
# yarn lockfile v1


"@olta/js-sdk@^0.3.3":
  version "0.3.3"
  resolved "https://registry.yarnpkg.com/@olta/js-sdk/-/js-sdk-0.3.3.tgz#4ce4a52797230ebcdd2ff13cd64b5cc09446c6ef"
  integrity sha512-9RPAmD4uM6aQ6HHLnY6fqOSIgKqkkWEm5vuERSZJlJlUb7VFjo9BgCBneXbp7ifCIm4X1nzTOP2QM3agYMgPyg==

three@^0.164.1:
  version "0.164.1"
  resolved "https://registry.yarnpkg.com/three/-/three-0.164.1.tgz#b742f76bd8dfd3736ba0d86a12dfddb73c5cdcc0"
  integrity sha512-iC/hUBbl1vzFny7f5GtqzVXYjMJKaTPxiCxXfrvVdBi1Sf+jhd1CAkitiFwC7mIBFCo3MrDLJG97yisoaWig0w==
